
Microsoft Visual Studio Solution File, Format Version 12.00
# Visual Studio Version 17
VisualStudioVersion = 17.9.34616.47
MinimumVisualStudioVersion = 10.0.40219.1
Project("{9A19103F-16F7-4668-BE54-9A1E7A4F7556}") = "B231202375", "B231202375.csproj", "{4548B7CC-350D-43C1-983A-EAE113AA34E4}"
EndProject
Global
	GlobalSection(SolutionConfigurationPlatforms) = preSolution
		Debug|Any CPU = Debug|Any CPU
		Release|Any CPU = Release|Any CPU
	EndGlobalSection
	GlobalSection(ProjectConfigurationPlatforms) = postSolution
		{4548B7CC-350D-43C1-983A-EAE113AA34E4}.Debug|Any CPU.ActiveCfg = Debug|Any CPU
		{4548B7CC-350D-43C1-983A-EAE113AA34E4}.Debug|Any CPU.Build.0 = Debug|Any CPU
		{4548B7CC-350D-43C1-983A-EAE113AA34E4}.Release|Any CPU.ActiveCfg = Release|Any CPU
		{4548B7CC-350D-43C1-983A-EAE113AA34E4}.Release|Any CPU.Build.0 = Release|Any CPU
	EndGlobalSection
	GlobalSection(SolutionProperties) = preSolution
		HideSolutionNode = FALSE
	EndGlobalSection
	GlobalSection(ExtensibilityGlobals) = postSolution
		SolutionGuid = {1AAA49DC-E964-4370-97E3-9C88A41B3D1C}
	EndGlobalSection
EndGlobal
